
Microsoft Visual Studio Solution File, Format Version 12.00
# Visual Studio 2012
Project("{FAE04EC0-301F-11D3-BF4B-00C04F79EFBC}") = "browser2app-demo-ios-xamarin", "browser2app-demo-ios-xamarin\browser2app-demo-ios-xamarin.csproj", "{66BB2B09-23E1-4A9F-955D-05BFAC170A97}"
EndProject
Project("{FAE04EC0-301F-11D3-BF4B-00C04F79EFBC}") = "binding-khenshin", "binding-khenshin\binding-khenshin.csproj", "{A98195C1-AD88-4839-AE85-87F63B56DE51}"
EndProject
Global
	GlobalSection(SolutionConfigurationPlatforms) = preSolution
		Debug|iPhoneSimulator = Debug|iPhoneSimulator
		Release|iPhone = Release|iPhone
		Release|iPhoneSimulator = Release|iPhoneSimulator
		Debug|iPhone = Debug|iPhone
	EndGlobalSection
	GlobalSection(ProjectConfigurationPlatforms) = postSolution
		{66BB2B09-23E1-4A9F-955D-05BFAC170A97}.Debug|iPhoneSimulator.ActiveCfg = Debug|iPhoneSimulator
		{66BB2B09-23E1-4A9F-955D-05BFAC170A97}.Debug|iPhoneSimulator.Build.0 = Debug|iPhoneSimulator
		{66BB2B09-23E1-4A9F-955D-05BFAC170A97}.Release|iPhone.ActiveCfg = Release|iPhone
		{66BB2B09-23E1-4A9F-955D-05BFAC170A97}.Release|iPhone.Build.0 = Release|iPhone
		{66BB2B09-23E1-4A9F-955D-05BFAC170A97}.Release|iPhoneSimulator.ActiveCfg = Release|iPhoneSimulator
		{66BB2B09-23E1-4A9F-955D-05BFAC170A97}.Release|iPhoneSimulator.Build.0 = Release|iPhoneSimulator
		{66BB2B09-23E1-4A9F-955D-05BFAC170A97}.Debug|iPhone.ActiveCfg = Debug|iPhone
		{66BB2B09-23E1-4A9F-955D-05BFAC170A97}.Debug|iPhone.Build.0 = Debug|iPhone
		{A98195C1-AD88-4839-AE85-87F63B56DE51}.Debug|iPhoneSimulator.ActiveCfg = Debug|Any CPU
		{A98195C1-AD88-4839-AE85-87F63B56DE51}.Debug|iPhoneSimulator.Build.0 = Debug|Any CPU
		{A98195C1-AD88-4839-AE85-87F63B56DE51}.Release|iPhone.ActiveCfg = Release|Any CPU
		{A98195C1-AD88-4839-AE85-87F63B56DE51}.Release|iPhone.Build.0 = Release|Any CPU
		{A98195C1-AD88-4839-AE85-87F63B56DE51}.Release|iPhoneSimulator.ActiveCfg = Release|Any CPU
		{A98195C1-AD88-4839-AE85-87F63B56DE51}.Release|iPhoneSimulator.Build.0 = Release|Any CPU
		{A98195C1-AD88-4839-AE85-87F63B56DE51}.Debug|iPhone.ActiveCfg = Debug|Any CPU
		{A98195C1-AD88-4839-AE85-87F63B56DE51}.Debug|iPhone.Build.0 = Debug|Any CPU
	EndGlobalSection
EndGlobal
